// !$*UTF8*$!
{
	archiveVersion = 1;
	classes = {
	};
	objectVersion = 46;
	objects = {

/* Begin PBXBuildFile section */
		D61709931E595E2C00466D85 /* MostrarViewController.swift in Sources */ = {isa = PBXBuildFile; fileRef = D61709921E595E2C00466D85 /* MostrarViewController.swift */; };
		D65858CA1E58CB2700F04CD7 /* AppDelegate.swift in Sources */ = {isa = PBXBuildFile; fileRef = D65858C91E58CB2700F04CD7 /* AppDelegate.swift */; };
		D65858CC1E58CB2700F04CD7 /* ViewController.swift in Sources */ = {isa = PBXBuildFile; fileRef = D65858CB1E58CB2700F04CD7 /* ViewController.swift */; };
		D65858CF1E58CB2700F04CD7 /* Main.storyboard in Resources */ = {isa = PBXBuildFile; fileRef = D65858CD1E58CB2700F04CD7 /* Main.storyboard */; };
		D65858D11E58CB2700F04CD7 /* Assets.xcassets in Resources */ = {isa = PBXBuildFile; fileRef = D65858D01E58CB2700F04CD7 /* Assets.xcassets */; };
		D65858D41E58CB2700F04CD7 /* LaunchScreen.storyboard in Resources */ = {isa = PBXBuildFile; fileRef = D65858D21E58CB2700F04CD7 /* LaunchScreen.storyboard */; };
		D65858DC1E591FC600F04CD7 /* DatosViewController.swift in Sources */ = {isa = PBXBuildFile; fileRef = D65858DB1E591FC600F04CD7 /* DatosViewController.swift */; };
		D65858DE1E591FEB00F04CD7 /* ModulosViewController.swift in Sources */ = {isa = PBXBuildFile; fileRef = D65858DD1E591FEB00F04CD7 /* ModulosViewController.swift */; };
/* End PBXBuildFile section */

/* Begin PBXFileReference section */
		D61709921E595E2C00466D85 /* MostrarViewController.swift */ = {isa = PBXFileReference; fileEncoding = 4; lastKnownFileType = sourcecode.swift; path = MostrarViewController.swift; sourceTree = "<group>"; };
		D65858C61E58CB2700F04CD7 /* project_module_01.app */ = {isa = PBXFileReference; explicitFileType = wrapper.application; includeInIndex = 0; path = project_module_01.app; sourceTree = BUILT_PRODUCTS_DIR; };
		D65858C91E58CB2700F04CD7 /* AppDelegate.swift */ = {isa = PBXFileReference; lastKnownFileType = sourcecode.swift; path = AppDelegate.swift; sourceTree = "<group>"; };
		D65858CB1E58CB2700F04CD7 /* ViewController.swift */ = {isa = PBXFileReference; lastKnownFileType = sourcecode.swift; path = ViewController.swift; sourceTree = "<group>"; };
		D65858CE1E58CB2700F04CD7 /* Base */ = {isa = PBXFileReference; lastKnownFileType = file.storyboard; name = Base; path = Base.lproj/Main.storyboard; sourceTree = "<group>"; };
		D65858D01E58CB2700F04CD7 /* Assets.xcassets */ = {isa = PBXFileReference; lastKnownFileType = folder.assetcatalog; path = Assets.xcassets; sourceTree = "<group>"; };
		D65858D31E58CB2700F04CD7 /* Base */ = {isa = PBXFileReference; lastKnownFileType = file.storyboard; name = Base; path = Base.lproj/LaunchScreen.storyboard; sourceTree = "<group>"; };
		D65858D51E58CB2700F04CD7 /* Info.plist */ = {isa = PBXFileReference; lastKnownFileType = text.plist.xml; path = Info.plist; sourceTree = "<group>"; };
		D65858DB1E591FC600F04CD7 /* DatosViewController.swift */ = {isa = PBXFileReference; fileEncoding = 4; lastKnownFileType = sourcecode.swift; path = DatosViewController.swift; sourceTree = "<group>"; };
		D65858DD1E591FEB00F04CD7 /* ModulosViewController.swift */ = {isa = PBXFileReference; fileEncoding = 4; lastKnownFileType = sourcecode.swift; path = ModulosViewController.swift; sourceTree = "<group>"; };
/* End PBXFileReference section */

/* Begin PBXFrameworksBuildPhase section */
		D65858C31E58CB2700F04CD7 /* Frameworks */ = {
			isa = PBXFrameworksBuildPhase;
			buildActionMask = 2147483647;
			files = (
			);
			runOnlyForDeploymentPostprocessing = 0;
		};
/* End PBXFrameworksBuildPhase section */

/* Begin PBXGroup section */
		D65858BD1E58CB2600F04CD7 = {
			isa = PBXGroup;
			children = (
				D65858C81E58CB2700F04CD7 /* project_module_01 */,
				D65858C71E58CB2700F04CD7 /* Products */,
			);
			sourceTree = "<group>";
		};
		D65858C71E58CB2700F04CD7 /* Products */ = {
			isa = PBXGroup;
			children = (
				D65858C61E58CB2700F04CD7 /* project_module_01.app */,
			);
			name = Products;
			sourceTree = "<group>";
		};
		D65858C81E58CB2700F04CD7 /* project_module_01 */ = {
			isa = PBXGroup;
			children = (
				D65858C91E58CB2700F04CD7 /* AppDelegate.swift */,
				D65858CB1E58CB2700F04CD7 /* ViewController.swift */,
				D65858CD1E58CB2700F04CD7 /* Main.storyboard */,
				D65858D01E58CB2700F04CD7 /* Assets.xcassets */,
				D65858D21E58CB2700F04CD7 /* LaunchScreen.storyboard */,
				D65858D51E58CB2700F04CD7 /* Info.plist */,
				D65858DB1E591FC600F04CD7 /* DatosViewController.swift */,
				D65858DD1E591FEB00F04CD7 /* ModulosViewController.swift */,
				D61709921E595E2C00466D85 /* MostrarViewController.swift */,
			);
			path = project_module_01;
			sourceTree = "<group>";
		};
/* End PBXGroup section */

/* Begin PBXNativeTarget section */
		D65858C51E58CB2700F04CD7 /* project_module_01 */ = {
			isa = PBXNativeTarget;
			buildConfigurationList = D65858D81E58CB2700F04CD7 /* Build configuration list for PBXNativeTarget "project_module_01" */;
			buildPhases = (
				D65858C21E58CB2700F04CD7 /* Sources */,
				D65858C31E58CB2700F04CD7 /* Frameworks */,
				D65858C41E58CB2700F04CD7 /* Resources */,
			);
			buildRules = (
			);
			dependencies = (
			);
			name = project_module_01;
			productName = project_module_01;
			productReference = D65858C61E58CB2700F04CD7 /* project_module_01.app */;
			productType = "com.apple.product-type.application";
		};
/* End PBXNativeTarget section */

/* Begin PBXProject section */
		D65858BE1E58CB2600F04CD7 /* Project object */ = {
			isa = PBXProject;
			attributes = {
				LastSwiftUpdateCheck = 0820;
				LastUpgradeCheck = 0820;
				ORGANIZATIONNAME = "Alexander Choy";
				TargetAttributes = {
					D65858C51E58CB2700F04CD7 = {
						CreatedOnToolsVersion = 8.2.1;
						ProvisioningStyle = Automatic;
					};
				};
			};
			buildConfigurationList = D65858C11E58CB2600F04CD7 /* Build configuration list for PBXProject "project_module_01" */;
			compatibilityVersion = "Xcode 3.2";
			developmentRegion = English;
			hasScannedForEncodings = 0;
			knownRegions = (
				en,
				Base,
			);
			mainGroup = D65858BD1E58CB2600F04CD7;
			productRefGroup = D65858C71E58CB2700F04CD7 /* Products */;
			projectDirPath = "";
			projectRoot = "";
			targets = (
				D65858C51E58CB2700F04CD7 /* project_module_01 */,
			);
		};
/* End PBXProject section */

/* Begin PBXResourcesBuildPhase section */
		D65858C41E58CB2700F04CD7 /* Resources */ = {
			isa = PBXResourcesBuildPhase;
			buildActionMask = 2147483647;
			files = (
				D65858D41E58CB2700F04CD7 /* LaunchScreen.storyboard in Resources */,
				D65858D11E58CB2700F04CD7 /* Assets.xcassets in Resources */,
				D65858CF1E58CB2700F04CD7 /* Main.storyboard in Resources */,
			);
			runOnlyForDeploymentPostprocessing = 0;
		};
/* End PBXResourcesBuildPhase section */

/* Begin PBXSourcesBuildPhase section */
		D65858C21E58CB2700F04CD7 /* Sources */ = {
			isa = PBXSourcesBuildPhase;
			buildActionMask = 2147483647;
			files = (
				D65858DE1E591FEB00F04CD7 /* ModulosViewController.swift in Sources */,
				D61709931E595E2C00466D85 /* MostrarViewController.swift in Sources */,
				D65858DC1E591FC600F04CD7 /* DatosViewController.swift in Sources */,
				D65858CC1E58CB2700F04CD7 /* ViewController.swift in Sources */,
				D65858CA1E58CB2700F04CD7 /* AppDelegate.swift in Sources */,
			);
			runOnlyForDeploymentPostprocessing = 0;
		};
/* End PBXSourcesBuildPhase section */

/* Begin PBXVariantGroup section */
		D65858CD1E58CB2700F04CD7 /* Main.storyboard */ = {
			isa = PBXVariantGroup;
			children = (
				D65858CE1E58CB2700F04CD7 /* Base */,
			);
			name = Main.storyboard;
			sourceTree = "<group>";
		};
		D65858D21E58CB2700F04CD7 /* LaunchScreen.storyboard */ = {
			isa = PBXVariantGroup;
			children = (
				D65858D31E58CB2700F04CD7 /* Base */,
			);
			name = LaunchScreen.storyboard;
			sourceTree = "<group>";
		};
/* End PBXVariantGroup section */

/* Begin XCBuildConfiguration section */
		D65858D61E58CB2700F04CD7 /* Debug */ = {
			isa = XCBuildConfiguration;
			buildSettings = {
				ALWAYS_SEARCH_USER_PATHS = NO;
				CLANG_ANALYZER_NONNULL = YES;
				CLANG_CXX_LANGUAGE_STANDARD = "gnu++0x";
				CLANG_CXX_LIBRARY = "libc++";
				CLANG_ENABLE_MODULES = YES;
				CLANG_ENABLE_OBJC_ARC = YES;
				CLANG_WARN_BOOL_CONVERSION = YES;
				CLANG_WARN_CONSTANT_CONVERSION = YES;
				CLANG_WARN_DIRECT_OBJC_ISA_USAGE = YES_ERROR;
				CLANG_WARN_DOCUMENTATION_COMMENTS = YES;
				CLANG_WARN_EMPTY_BODY = YES;
				CLANG_WARN_ENUM_CONVERSION = YES;
				CLANG_WARN_INFINITE_RECURSION = YES;
				CLANG_WARN_INT_CONVERSION = YES;
				CLANG_WARN_OBJC_ROOT_CLASS = YES_ERROR;
				CLANG_WARN_SUSPICIOUS_MOVE = YES;
				CLANG_WARN_UNREACHABLE_CODE = YES;
				CLANG_WARN__DUPLICATE_METHOD_MATCH = YES;
				"CODE_SIGN_IDENTITY[sdk=iphoneos*]" = "iPhone Developer";
				COPY_PHASE_STRIP = NO;
				DEBUG_INFORMATION_FORMAT = dwarf;
				ENABLE_STRICT_OBJC_MSGSEND = YES;
				ENABLE_TESTABILITY = YES;
				GCC_C_LANGUAGE_STANDARD = gnu99;
				GCC_DYNAMIC_NO_PIC = NO;
				GCC_NO_COMMON_BLOCKS = YES;
				GCC_OPTIMIZATION_LEVEL = 0;
				GCC_PREPROCESSOR_DEFINITIONS = (
					"DEBUG=1",
					"$(inherited)",
				);
				GCC_WARN_64_TO_32_BIT_CONVERSION = YES;
				GCC_WARN_ABOUT_RETURN_TYPE = YES_ERROR;
				GCC_WARN_UNDECLARED_SELECTOR = YES;
				GCC_WARN_UNINITIALIZED_AUTOS = YES_AGGRESSIVE;
				GCC_WARN_UNUSED_FUNCTION = YES;
				GCC_WARN_UNUSED_VARIABLE = YES;
				IPHONEOS_DEPLOYMENT_TARGET = 10.2;
				MTL_ENABLE_DEBUG_INFO = YES;
				ONLY_ACTIVE_ARCH = YES;
				SDKROOT = iphoneos;
				SWIFT_ACTIVE_COMPILATION_CONDITIONS = DEBUG;
				SWIFT_OPTIMIZATION_LEVEL = "-Onone";
				TARGETED_DEVICE_FAMILY = "1,2";
			};
			name = Debug;
		};
		D65858D71E58CB2700F04CD7 /* Release */ = {
			isa = XCBuildConfiguration;
			buildSettings = {
				ALWAYS_SEARCH_USER_PATHS = NO;
				CLANG_ANALYZER_NONNULL = YES;
				CLANG_CXX_LANGUAGE_STANDARD = "gnu++0x";
				CLANG_CXX_LIBRARY = "libc++";
				CLANG_ENABLE_MODULES = YES;
				CLANG_ENABLE_OBJC_ARC = YES;
				CLANG_WARN_BOOL_CONVERSION = YES;
				CLANG_WARN_CONSTANT_CONVERSION = YES;
				CLANG_WARN_DIRECT_OBJC_ISA_USAGE = YES_ERROR;
				CLANG_WARN_DOCUMENTATION_COMMENTS = YES;
				CLANG_WARN_EMPTY_BODY = YES;
				CLANG_WARN_ENUM_CONVERSION = YES;
				CLANG_WARN_INFINITE_RECURSION = YES;
				CLANG_WARN_INT_CONVERSION = YES;
				CLANG_WARN_OBJC_ROOT_CLASS = YES_ERROR;
				CLANG_WARN_SUSPICIOUS_MOVE = YES;
				CLANG_WARN_UNREACHABLE_CODE = YES;
				CLANG_WARN__DUPLICATE_METHOD_MATCH = YES;
				"CODE_SIGN_IDENTITY[sdk=iphoneos*]" = "iPhone Developer";
				COPY_PHASE_STRIP = NO;
				DEBUG_INFORMATION_FORMAT = "dwarf-with-dsym";
				ENABLE_NS_ASSERTIONS = NO;
				ENABLE_STRICT_OBJC_MSGSEND = YES;
				GCC_C_LANGUAGE_STANDARD = gnu99;
				GCC_NO_COMMON_BLOCKS = YES;
				GCC_WARN_64_TO_32_BIT_CONVERSION = YES;
				GCC_WARN_ABOUT_RETURN_TYPE = YES_ERROR;
				GCC_WARN_UNDECLARED_SELECTOR = YES;
				GCC_WARN_UNINITIALIZED_AUTOS = YES_AGGRESSIVE;
				GCC_WARN_UNUSED_FUNCTION = YES;
				GCC_WARN_UNUSED_VARIABLE = YES;
				IPHONEOS_DEPLOYMENT_TARGET = 10.2;
				MTL_ENABLE_DEBUG_INFO = NO;
				SDKROOT = iphoneos;
				SWIFT_OPTIMIZATION_LEVEL = "-Owholemodule";
				TARGETED_DEVICE_FAMILY = "1,2";
				VALIDATE_PRODUCT = YES;
			};
			name = Release;
		};
		D65858D91E58CB2700F04CD7 /* Debug */ = {
			isa = XCBuildConfiguration;
			buildSettings = {
				ASSETCATALOG_COMPILER_APPICON_NAME = AppIcon;
				INFOPLIST_FILE = project_module_01/Info.plist;
				LD_RUNPATH_SEARCH_PATHS = "$(inherited) @executable_path/Frameworks";
				PRODUCT_BUNDLE_IDENTIFIER = "com.alexanderchoy.project-module-01";
				PRODUCT_NAME = "$(TARGET_NAME)";
				SWIFT_VERSION = 3.0;
			};
			name = Debug;
		};
		D65858DA1E58CB2700F04CD7 /* Release */ = {
			isa = XCBuildConfiguration;
			buildSettings = {
				ASSETCATALOG_COMPILER_APPICON_NAME = AppIcon;
				INFOPLIST_FILE = project_module_01/Info.plist;
				LD_RUNPATH_SEARCH_PATHS = "$(inherited) @executable_path/Frameworks";
				PRODUCT_BUNDLE_IDENTIFIER = "com.alexanderchoy.project-module-01";
				PRODUCT_NAME = "$(TARGET_NAME)";
				SWIFT_VERSION = 3.0;
			};
			name = Release;
		};
/* End XCBuildConfiguration section */

/* Begin XCConfigurationList section */
		D65858C11E58CB2600F04CD7 /* Build configuration list for PBXProject "project_module_01" */ = {
			isa = XCConfigurationList;
			buildConfigurations = (
				D65858D61E58CB2700F04CD7 /* Debug */,
				D65858D71E58CB2700F04CD7 /* Release */,
			);
			defaultConfigurationIsVisible = 0;
			defaultConfigurationName = Release;
		};
		D65858D81E58CB2700F04CD7 /* Build configuration list for PBXNativeTarget "project_module_01" */ = {
			isa = XCConfigurationList;
			buildConfigurations = (
				D65858D91E58CB2700F04CD7 /* Debug */,
				D65858DA1E58CB2700F04CD7 /* Release */,
			);
			defaultConfigurationIsVisible = 0;
			defaultConfigurationName = Release;
		};
/* End XCConfigurationList section */
	};
	rootObject = D65858BE1E58CB2600F04CD7 /* Project object */;
}
